
Microsoft Visual Studio Solution File, Format Version 12.00
# Visual Studio Version 16
VisualStudioVersion = 16.0.30104.148
MinimumVisualStudioVersion = 10.0.40219.1
Project("{2150E333-8FDC-42A3-9474-1A3956D46DE8}") = "src", "src", "{9ABCEA75-D154-4635-97C3-1993E5903398}"
EndProject
Project("{9A19103F-16F7-4668-BE54-9A1E7A4F7556}") = "CleanTemplate.API", "src\CleanTemplate.API\CleanTemplate.API.csproj", "{8348CAE5-8F4D-4248-9672-7FA866CC19A6}"
EndProject
Project("{E53339B2-1760-4266-BCC7-CA923CBCF16C}") = "docker-compose", "docker-compose.dcproj", "{73D8C011-BD6D-4602-8BFA-5AAD0A6EF61A}"
EndProject
Project("{9A19103F-16F7-4668-BE54-9A1E7A4F7556}") = "CleanTemplate.Infrastructure", "src\CleanTemplate.Infrastructure\CleanTemplate.Infrastructure.csproj", "{1DA8DCB4-BB98-46BC-82E2-9E4602AA5DC8}"
EndProject
Project("{9A19103F-16F7-4668-BE54-9A1E7A4F7556}") = "CleanTemplate.Application", "src\CleanTemplate.Application\CleanTemplate.Application.csproj", "{DEF42904-DADE-4E4B-B974-3B40D938FEAA}"
EndProject
Project("{9A19103F-16F7-4668-BE54-9A1E7A4F7556}") = "CleanTemplate.Domain", "src\CleanTemplate.Domain\CleanTemplate.Domain.csproj", "{860020FD-0C3F-40F0-AD8F-82C5A3A603C4}"
EndProject
Project("{2150E333-8FDC-42A3-9474-1A3956D46DE8}") = "docs", "docs", "{C5569C01-A994-49BB-B221-503EAC51F130}"
	ProjectSection(SolutionItems) = preProject
		README.md = README.md
	EndProjectSection
EndProject
Global
	GlobalSection(SolutionConfigurationPlatforms) = preSolution
		Debug|Any CPU = Debug|Any CPU
		Release|Any CPU = Release|Any CPU
	EndGlobalSection
	GlobalSection(ProjectConfigurationPlatforms) = postSolution
		{8348CAE5-8F4D-4248-9672-7FA866CC19A6}.Debug|Any CPU.ActiveCfg = Debug|Any CPU
		{8348CAE5-8F4D-4248-9672-7FA866CC19A6}.Debug|Any CPU.Build.0 = Debug|Any CPU
		{8348CAE5-8F4D-4248-9672-7FA866CC19A6}.Release|Any CPU.ActiveCfg = Release|Any CPU
		{8348CAE5-8F4D-4248-9672-7FA866CC19A6}.Release|Any CPU.Build.0 = Release|Any CPU
		{73D8C011-BD6D-4602-8BFA-5AAD0A6EF61A}.Debug|Any CPU.ActiveCfg = Debug|Any CPU
		{73D8C011-BD6D-4602-8BFA-5AAD0A6EF61A}.Debug|Any CPU.Build.0 = Debug|Any CPU
		{73D8C011-BD6D-4602-8BFA-5AAD0A6EF61A}.Release|Any CPU.ActiveCfg = Release|Any CPU
		{73D8C011-BD6D-4602-8BFA-5AAD0A6EF61A}.Release|Any CPU.Build.0 = Release|Any CPU
		{1DA8DCB4-BB98-46BC-82E2-9E4602AA5DC8}.Debug|Any CPU.ActiveCfg = Debug|Any CPU
		{1DA8DCB4-BB98-46BC-82E2-9E4602AA5DC8}.Debug|Any CPU.Build.0 = Debug|Any CPU
		{1DA8DCB4-BB98-46BC-82E2-9E4602AA5DC8}.Release|Any CPU.ActiveCfg = Release|Any CPU
		{1DA8DCB4-BB98-46BC-82E2-9E4602AA5DC8}.Release|Any CPU.Build.0 = Release|Any CPU
		{DEF42904-DADE-4E4B-B974-3B40D938FEAA}.Debug|Any CPU.ActiveCfg = Debug|Any CPU
		{DEF42904-DADE-4E4B-B974-3B40D938FEAA}.Debug|Any CPU.Build.0 = Debug|Any CPU
		{DEF42904-DADE-4E4B-B974-3B40D938FEAA}.Release|Any CPU.ActiveCfg = Release|Any CPU
		{DEF42904-DADE-4E4B-B974-3B40D938FEAA}.Release|Any CPU.Build.0 = Release|Any CPU
		{860020FD-0C3F-40F0-AD8F-82C5A3A603C4}.Debug|Any CPU.ActiveCfg = Debug|Any CPU
		{860020FD-0C3F-40F0-AD8F-82C5A3A603C4}.Debug|Any CPU.Build.0 = Debug|Any CPU
		{860020FD-0C3F-40F0-AD8F-82C5A3A603C4}.Release|Any CPU.ActiveCfg = Release|Any CPU
		{860020FD-0C3F-40F0-AD8F-82C5A3A603C4}.Release|Any CPU.Build.0 = Release|Any CPU
	EndGlobalSection
	GlobalSection(SolutionProperties) = preSolution
		HideSolutionNode = FALSE
	EndGlobalSection
	GlobalSection(NestedProjects) = preSolution
		{8348CAE5-8F4D-4248-9672-7FA866CC19A6} = {9ABCEA75-D154-4635-97C3-1993E5903398}
		{1DA8DCB4-BB98-46BC-82E2-9E4602AA5DC8} = {9ABCEA75-D154-4635-97C3-1993E5903398}
		{DEF42904-DADE-4E4B-B974-3B40D938FEAA} = {9ABCEA75-D154-4635-97C3-1993E5903398}
		{860020FD-0C3F-40F0-AD8F-82C5A3A603C4} = {9ABCEA75-D154-4635-97C3-1993E5903398}
	EndGlobalSection
	GlobalSection(ExtensibilityGlobals) = postSolution
		SolutionGuid = {3C5DA3FF-BFB3-4F75-B2B5-06A13BF2F232}
	EndGlobalSection
EndGlobal
